PODS:
  - Expecta (0.3.2)
  - IMOFilterStack (0.1.0)
  - Specta (0.3.2)

DEPENDENCIES:
  - Expecta
  - IMOFilterStack (from `../`)
  - Specta

EXTERNAL SOURCES:
  IMOFilterStack:
    :path: ../

SPEC CHECKSUMS:
  Expecta: ee641011fe10aa1855d487b40e4976dac50ec342
  IMOFilterStack: 7485d345a0e29f1a318fa51af04d832280b3cd33
  Specta: 698a58ffa5ec948327d3b92eab50ca58d7f4fbe8

COCOAPODS: 0.36.0.beta.2
